
Microsoft Visual Studio Solution File, Format Version 12.00
# Visual Studio 14
VisualStudioVersion = 14.0.25420.1
MinimumVisualStudioVersion = 10.0.40219.1
Project("{8BC9CEB8-8B4A-11D0-8D11-00A0C91BC942}") = "_06_print_list_reversed_order", "_06_print_list_reversed_order\_06_print_list_reversed_order.vcxproj", "{A271664C-219F-47DE-B933-F23A0B9FC7F3}"
EndProject
Project("{8BC9CEB8-8B4A-11D0-8D11-00A0C91BC942}") = "_07_rebuild_binary_tree", "_07_rebuild_binary_tree\_07_rebuild_binary_tree.vcxproj", "{7878ADB4-19D1-4481-86C1-24663A4D1B92}"
EndProject
Project("{8BC9CEB8-8B4A-11D0-8D11-00A0C91BC942}") = "_08_binary_tree_get_next_node", "_08_binary_tree_get_next_node\_08_binary_tree_get_next_node.vcxproj", "{5D0A35AD-7EEE-43A6-94F3-83181FC50944}"
EndProject
Project("{8BC9CEB8-8B4A-11D0-8D11-00A0C91BC942}") = "_09_queue_used_2_stack", "_09_queue_used_2_stack\_09_queue_used_2_stack.vcxproj", "{AAF48BCB-AF48-41BC-9A9D-8379194304AE}"
EndProject
Project("{8BC9CEB8-8B4A-11D0-8D11-00A0C91BC942}") = "_10_fibonacci_sequence", "_10_fibonacci_sequence\_10_fibonacci_sequence.vcxproj", "{A9039B2A-9D6B-46FD-960A-9E52CA83CDA5}"
EndProject
Project("{8BC9CEB8-8B4A-11D0-8D11-00A0C91BC942}") = "_11_min_number_of_rotation_arry", "_11_min_number_of_rotation_arry\_11_min_number_of_rotation_arry.vcxproj", "{423A571F-9E56-46C4-A6ED-EB5C1AB4328C}"
EndProject
Project("{8BC9CEB8-8B4A-11D0-8D11-00A0C91BC942}") = "_12_String_path_in_matrix", "_12_String_path_in_matrix\_12_String_path_in_matrix.vcxproj", "{F9AB88F7-84AC-42AD-90B5-D6B93DBCAB41}"
EndProject
Project("{8BC9CEB8-8B4A-11D0-8D11-00A0C91BC942}") = "_13_Robot_mov_range", "_13_Robot_mov_range\_13_Robot_mov_range.vcxproj", "{099E7912-CDCC-4220-888B-E9F60BBA55D1}"
EndProject
Project("{8BC9CEB8-8B4A-11D0-8D11-00A0C91BC942}") = "_14_cutRope", "_14_cutRope\_14_cutRope.vcxproj", "{3496ABDF-4241-4378-97BA-1ED05BA29C82}"
EndProject
Project("{8BC9CEB8-8B4A-11D0-8D11-00A0C91BC942}") = "_15_number_of_1_in_binary", "_15_number_of_1_in_binary\_15_number_of_1_in_binary.vcxproj", "{D2A6E09D-32F9-4B8E-A272-9A3CE833FE1B}"
EndProject
Project("{8BC9CEB8-8B4A-11D0-8D11-00A0C91BC942}") = "_16_integer_power_of_integer", "_16_integer_power_of_integer\_16_integer_power_of_integer.vcxproj", "{0B5E1F9C-E98B-4D6E-B9BF-062535F81F74}"
EndProject
Project("{8BC9CEB8-8B4A-11D0-8D11-00A0C91BC942}") = "_17_print_1_to_max_of_n_digits", "_16_print_1_to_max_of_n_digits\_16_print_1_to_max_of_n_digits.vcxproj", "{1A58816D-B01F-4CDD-9F0F-B9F6A04B53C8}"
EndProject
Project("{8BC9CEB8-8B4A-11D0-8D11-00A0C91BC942}") = "_18_delete_node_in_list", "_18_delete_node_in_list\_18_delete_node_in_list.vcxproj", "{FFF29C73-B1BB-4046-9FB0-5D39D93D98CE}"
EndProject
Project("{8BC9CEB8-8B4A-11D0-8D11-00A0C91BC942}") = "_18_02_delete_duplicate_node", "_18_02_delete_duplicate_node\_18_02_delete_duplicate_node.vcxproj", "{009A51B1-FF98-4008-B1DE-F21776EA14CE}"
EndProject
Project("{8BC9CEB8-8B4A-11D0-8D11-00A0C91BC942}") = "_19_regular_expression_match", "_19_regular_expression_match\_19_regular_expression_match.vcxproj", "{D559345D-B99F-4EAB-812B-394F6715C03A}"
EndProject
Project("{8BC9CEB8-8B4A-11D0-8D11-00A0C91BC942}") = "_20_numerica_stringsl", "_20_numerica_stringsl\_20_numerica_stringsl.vcxproj", "{D54928AC-1D7B-4E4A-BF4A-701CA1AE15AD}"
EndProject
Project("{8BC9CEB8-8B4A-11D0-8D11-00A0C91BC942}") = "_21_reorder_array", "_21_reorder_array\_21_reorder_array.vcxproj", "{0F3A4098-904D-4506-9A8D-426F1F534A28}"
EndProject
Project("{8BC9CEB8-8B4A-11D0-8D11-00A0C91BC942}") = "_22_KthNodeFromEnd", "_22_KthNodeFromEnd\_22_KthNodeFromEnd.vcxproj", "{3B8F5229-6F5E-463E-8093-BCED5D8E35D2}"
EndProject
Project("{8BC9CEB8-8B4A-11D0-8D11-00A0C91BC942}") = "_23_EntryNodeInListLoop", "_23_EntryNodeInListLoop\_23_EntryNodeInListLoop.vcxproj", "{34763E64-0162-423C-AFD2-A2204E1E96BF}"
EndProject
Project("{8BC9CEB8-8B4A-11D0-8D11-00A0C91BC942}") = "_24_ReverseList", "_24_ReverseList\_24_ReverseList.vcxproj", "{DA66302D-ECBF-470C-A315-44D3644F7A3E}"
EndProject
Project("{8BC9CEB8-8B4A-11D0-8D11-00A0C91BC942}") = "_25_MergeList", "_25_MergeList\_25_MergeList.vcxproj", "{BD0FD57C-4BF8-4DA4-BA93-74B7EF6C7FEE}"
EndProject
Project("{8BC9CEB8-8B4A-11D0-8D11-00A0C91BC942}") = "_26_HasSubBinaryTree", "_26_HasSubBinaryTree\_26_HasSubBinaryTree.vcxproj", "{2F3597C0-19B4-4CDE-A446-46E7F9F59E6E}"
EndProject
Global
	GlobalSection(SolutionConfigurationPlatforms) = preSolution
		Debug|x64 = Debug|x64
		Debug|x86 = Debug|x86
		Release|x64 = Release|x64
		Release|x86 = Release|x86
	EndGlobalSection
	GlobalSection(ProjectConfigurationPlatforms) = postSolution
		{A271664C-219F-47DE-B933-F23A0B9FC7F3}.Debug|x64.ActiveCfg = Debug|x64
		{A271664C-219F-47DE-B933-F23A0B9FC7F3}.Debug|x64.Build.0 = Debug|x64
		{A271664C-219F-47DE-B933-F23A0B9FC7F3}.Debug|x86.ActiveCfg = Debug|Win32
		{A271664C-219F-47DE-B933-F23A0B9FC7F3}.Debug|x86.Build.0 = Debug|Win32
		{A271664C-219F-47DE-B933-F23A0B9FC7F3}.Release|x64.ActiveCfg = Release|x64
		{A271664C-219F-47DE-B933-F23A0B9FC7F3}.Release|x64.Build.0 = Release|x64
		{A271664C-219F-47DE-B933-F23A0B9FC7F3}.Release|x86.ActiveCfg = Release|Win32
		{A271664C-219F-47DE-B933-F23A0B9FC7F3}.Release|x86.Build.0 = Release|Win32
		{7878ADB4-19D1-4481-86C1-24663A4D1B92}.Debug|x64.ActiveCfg = Debug|x64
		{7878ADB4-19D1-4481-86C1-24663A4D1B92}.Debug|x64.Build.0 = Debug|x64
		{7878ADB4-19D1-4481-86C1-24663A4D1B92}.Debug|x86.ActiveCfg = Debug|Win32
		{7878ADB4-19D1-4481-86C1-24663A4D1B92}.Debug|x86.Build.0 = Debug|Win32
		{7878ADB4-19D1-4481-86C1-24663A4D1B92}.Release|x64.ActiveCfg = Release|x64
		{7878ADB4-19D1-4481-86C1-24663A4D1B92}.Release|x64.Build.0 = Release|x64
		{7878ADB4-19D1-4481-86C1-24663A4D1B92}.Release|x86.ActiveCfg = Release|Win32
		{7878ADB4-19D1-4481-86C1-24663A4D1B92}.Release|x86.Build.0 = Release|Win32
		{5D0A35AD-7EEE-43A6-94F3-83181FC50944}.Debug|x64.ActiveCfg = Debug|x64
		{5D0A35AD-7EEE-43A6-94F3-83181FC50944}.Debug|x64.Build.0 = Debug|x64
		{5D0A35AD-7EEE-43A6-94F3-83181FC50944}.Debug|x86.ActiveCfg = Debug|Win32
		{5D0A35AD-7EEE-43A6-94F3-83181FC50944}.Debug|x86.Build.0 = Debug|Win32
		{5D0A35AD-7EEE-43A6-94F3-83181FC50944}.Release|x64.ActiveCfg = Release|x64
		{5D0A35AD-7EEE-43A6-94F3-83181FC50944}.Release|x64.Build.0 = Release|x64
		{5D0A35AD-7EEE-43A6-94F3-83181FC50944}.Release|x86.ActiveCfg = Release|Win32
		{5D0A35AD-7EEE-43A6-94F3-83181FC50944}.Release|x86.Build.0 = Release|Win32
		{AAF48BCB-AF48-41BC-9A9D-8379194304AE}.Debug|x64.ActiveCfg = Debug|x64
		{AAF48BCB-AF48-41BC-9A9D-8379194304AE}.Debug|x64.Build.0 = Debug|x64
		{AAF48BCB-AF48-41BC-9A9D-8379194304AE}.Debug|x86.ActiveCfg = Debug|Win32
		{AAF48BCB-AF48-41BC-9A9D-8379194304AE}.Debug|x86.Build.0 = Debug|Win32
		{AAF48BCB-AF48-41BC-9A9D-8379194304AE}.Release|x64.ActiveCfg = Release|x64
		{AAF48BCB-AF48-41BC-9A9D-8379194304AE}.Release|x64.Build.0 = Release|x64
		{AAF48BCB-AF48-41BC-9A9D-8379194304AE}.Release|x86.ActiveCfg = Release|Win32
		{AAF48BCB-AF48-41BC-9A9D-8379194304AE}.Release|x86.Build.0 = Release|Win32
		{A9039B2A-9D6B-46FD-960A-9E52CA83CDA5}.Debug|x64.ActiveCfg = Debug|x64
		{A9039B2A-9D6B-46FD-960A-9E52CA83CDA5}.Debug|x64.Build.0 = Debug|x64
		{A9039B2A-9D6B-46FD-960A-9E52CA83CDA5}.Debug|x86.ActiveCfg = Debug|Win32
		{A9039B2A-9D6B-46FD-960A-9E52CA83CDA5}.Debug|x86.Build.0 = Debug|Win32
		{A9039B2A-9D6B-46FD-960A-9E52CA83CDA5}.Release|x64.ActiveCfg = Release|x64
		{A9039B2A-9D6B-46FD-960A-9E52CA83CDA5}.Release|x64.Build.0 = Release|x64
		{A9039B2A-9D6B-46FD-960A-9E52CA83CDA5}.Release|x86.ActiveCfg = Release|Win32
		{A9039B2A-9D6B-46FD-960A-9E52CA83CDA5}.Release|x86.Build.0 = Release|Win32
		{423A571F-9E56-46C4-A6ED-EB5C1AB4328C}.Debug|x64.ActiveCfg = Debug|x64
		{423A571F-9E56-46C4-A6ED-EB5C1AB4328C}.Debug|x64.Build.0 = Debug|x64
		{423A571F-9E56-46C4-A6ED-EB5C1AB4328C}.Debug|x86.ActiveCfg = Debug|Win32
		{423A571F-9E56-46C4-A6ED-EB5C1AB4328C}.Debug|x86.Build.0 = Debug|Win32
		{423A571F-9E56-46C4-A6ED-EB5C1AB4328C}.Release|x64.ActiveCfg = Release|x64
		{423A571F-9E56-46C4-A6ED-EB5C1AB4328C}.Release|x64.Build.0 = Release|x64
		{423A571F-9E56-46C4-A6ED-EB5C1AB4328C}.Release|x86.ActiveCfg = Release|Win32
		{423A571F-9E56-46C4-A6ED-EB5C1AB4328C}.Release|x86.Build.0 = Release|Win32
		{F9AB88F7-84AC-42AD-90B5-D6B93DBCAB41}.Debug|x64.ActiveCfg = Debug|x64
		{F9AB88F7-84AC-42AD-90B5-D6B93DBCAB41}.Debug|x64.Build.0 = Debug|x64
		{F9AB88F7-84AC-42AD-90B5-D6B93DBCAB41}.Debug|x86.ActiveCfg = Debug|Win32
		{F9AB88F7-84AC-42AD-90B5-D6B93DBCAB41}.Debug|x86.Build.0 = Debug|Win32
		{F9AB88F7-84AC-42AD-90B5-D6B93DBCAB41}.Release|x64.ActiveCfg = Release|x64
		{F9AB88F7-84AC-42AD-90B5-D6B93DBCAB41}.Release|x64.Build.0 = Release|x64
		{F9AB88F7-84AC-42AD-90B5-D6B93DBCAB41}.Release|x86.ActiveCfg = Release|Win32
		{F9AB88F7-84AC-42AD-90B5-D6B93DBCAB41}.Release|x86.Build.0 = Release|Win32
		{099E7912-CDCC-4220-888B-E9F60BBA55D1}.Debug|x64.ActiveCfg = Debug|x64
		{099E7912-CDCC-4220-888B-E9F60BBA55D1}.Debug|x64.Build.0 = Debug|x64
		{099E7912-CDCC-4220-888B-E9F60BBA55D1}.Debug|x86.ActiveCfg = Debug|Win32
		{099E7912-CDCC-4220-888B-E9F60BBA55D1}.Debug|x86.Build.0 = Debug|Win32
		{099E7912-CDCC-4220-888B-E9F60BBA55D1}.Release|x64.ActiveCfg = Release|x64
		{099E7912-CDCC-4220-888B-E9F60BBA55D1}.Release|x64.Build.0 = Release|x64
		{099E7912-CDCC-4220-888B-E9F60BBA55D1}.Release|x86.ActiveCfg = Release|Win32
		{099E7912-CDCC-4220-888B-E9F60BBA55D1}.Release|x86.Build.0 = Release|Win32
		{3496ABDF-4241-4378-97BA-1ED05BA29C82}.Debug|x64.ActiveCfg = Debug|x64
		{3496ABDF-4241-4378-97BA-1ED05BA29C82}.Debug|x64.Build.0 = Debug|x64
		{3496ABDF-4241-4378-97BA-1ED05BA29C82}.Debug|x86.ActiveCfg = Debug|Win32
		{3496ABDF-4241-4378-97BA-1ED05BA29C82}.Debug|x86.Build.0 = Debug|Win32
		{3496ABDF-4241-4378-97BA-1ED05BA29C82}.Release|x64.ActiveCfg = Release|x64
		{3496ABDF-4241-4378-97BA-1ED05BA29C82}.Release|x64.Build.0 = Release|x64
		{3496ABDF-4241-4378-97BA-1ED05BA29C82}.Release|x86.ActiveCfg = Release|Win32
		{3496ABDF-4241-4378-97BA-1ED05BA29C82}.Release|x86.Build.0 = Release|Win32
		{D2A6E09D-32F9-4B8E-A272-9A3CE833FE1B}.Debug|x64.ActiveCfg = Debug|x64
		{D2A6E09D-32F9-4B8E-A272-9A3CE833FE1B}.Debug|x64.Build.0 = Debug|x64
		{D2A6E09D-32F9-4B8E-A272-9A3CE833FE1B}.Debug|x86.ActiveCfg = Debug|Win32
		{D2A6E09D-32F9-4B8E-A272-9A3CE833FE1B}.Debug|x86.Build.0 = Debug|Win32
		{D2A6E09D-32F9-4B8E-A272-9A3CE833FE1B}.Release|x64.ActiveCfg = Release|x64
		{D2A6E09D-32F9-4B8E-A272-9A3CE833FE1B}.Release|x64.Build.0 = Release|x64
		{D2A6E09D-32F9-4B8E-A272-9A3CE833FE1B}.Release|x86.ActiveCfg = Release|Win32
		{D2A6E09D-32F9-4B8E-A272-9A3CE833FE1B}.Release|x86.Build.0 = Release|Win32
		{0B5E1F9C-E98B-4D6E-B9BF-062535F81F74}.Debug|x64.ActiveCfg = Debug|x64
		{0B5E1F9C-E98B-4D6E-B9BF-062535F81F74}.Debug|x64.Build.0 = Debug|x64
		{0B5E1F9C-E98B-4D6E-B9BF-062535F81F74}.Debug|x86.ActiveCfg = Debug|Win32
		{0B5E1F9C-E98B-4D6E-B9BF-062535F81F74}.Debug|x86.Build.0 = Debug|Win32
		{0B5E1F9C-E98B-4D6E-B9BF-062535F81F74}.Release|x64.ActiveCfg = Release|x64
		{0B5E1F9C-E98B-4D6E-B9BF-062535F81F74}.Release|x64.Build.0 = Release|x64
		{0B5E1F9C-E98B-4D6E-B9BF-062535F81F74}.Release|x86.ActiveCfg = Release|Win32
		{0B5E1F9C-E98B-4D6E-B9BF-062535F81F74}.Release|x86.Build.0 = Release|Win32
		{1A58816D-B01F-4CDD-9F0F-B9F6A04B53C8}.Debug|x64.ActiveCfg = Debug|x64
		{1A58816D-B01F-4CDD-9F0F-B9F6A04B53C8}.Debug|x64.Build.0 = Debug|x64
		{1A58816D-B01F-4CDD-9F0F-B9F6A04B53C8}.Debug|x86.ActiveCfg = Debug|Win32
		{1A58816D-B01F-4CDD-9F0F-B9F6A04B53C8}.Debug|x86.Build.0 = Debug|Win32
		{1A58816D-B01F-4CDD-9F0F-B9F6A04B53C8}.Release|x64.ActiveCfg = Release|x64
		{1A58816D-B01F-4CDD-9F0F-B9F6A04B53C8}.Release|x64.Build.0 = Release|x64
		{1A58816D-B01F-4CDD-9F0F-B9F6A04B53C8}.Release|x86.ActiveCfg = Release|Win32
		{1A58816D-B01F-4CDD-9F0F-B9F6A04B53C8}.Release|x86.Build.0 = Release|Win32
		{FFF29C73-B1BB-4046-9FB0-5D39D93D98CE}.Debug|x64.ActiveCfg = Debug|x64
		{FFF29C73-B1BB-4046-9FB0-5D39D93D98CE}.Debug|x64.Build.0 = Debug|x64
		{FFF29C73-B1BB-4046-9FB0-5D39D93D98CE}.Debug|x86.ActiveCfg = Debug|Win32
		{FFF29C73-B1BB-4046-9FB0-5D39D93D98CE}.Debug|x86.Build.0 = Debug|Win32
		{FFF29C73-B1BB-4046-9FB0-5D39D93D98CE}.Release|x64.ActiveCfg = Release|x64
		{FFF29C73-B1BB-4046-9FB0-5D39D93D98CE}.Release|x64.Build.0 = Release|x64
		{FFF29C73-B1BB-4046-9FB0-5D39D93D98CE}.Release|x86.ActiveCfg = Release|Win32
		{FFF29C73-B1BB-4046-9FB0-5D39D93D98CE}.Release|x86.Build.0 = Release|Win32
		{009A51B1-FF98-4008-B1DE-F21776EA14CE}.Debug|x64.ActiveCfg = Debug|x64
		{009A51B1-FF98-4008-B1DE-F21776EA14CE}.Debug|x64.Build.0 = Debug|x64
		{009A51B1-FF98-4008-B1DE-F21776EA14CE}.Debug|x86.ActiveCfg = Debug|Win32
		{009A51B1-FF98-4008-B1DE-F21776EA14CE}.Debug|x86.Build.0 = Debug|Win32
		{009A51B1-FF98-4008-B1DE-F21776EA14CE}.Release|x64.ActiveCfg = Release|x64
		{009A51B1-FF98-4008-B1DE-F21776EA14CE}.Release|x64.Build.0 = Release|x64
		{009A51B1-FF98-4008-B1DE-F21776EA14CE}.Release|x86.ActiveCfg = Release|Win32
		{009A51B1-FF98-4008-B1DE-F21776EA14CE}.Release|x86.Build.0 = Release|Win32
		{D559345D-B99F-4EAB-812B-394F6715C03A}.Debug|x64.ActiveCfg = Debug|x64
		{D559345D-B99F-4EAB-812B-394F6715C03A}.Debug|x64.Build.0 = Debug|x64
		{D559345D-B99F-4EAB-812B-394F6715C03A}.Debug|x86.ActiveCfg = Debug|Win32
		{D559345D-B99F-4EAB-812B-394F6715C03A}.Debug|x86.Build.0 = Debug|Win32
		{D559345D-B99F-4EAB-812B-394F6715C03A}.Release|x64.ActiveCfg = Release|x64
		{D559345D-B99F-4EAB-812B-394F6715C03A}.Release|x64.Build.0 = Release|x64
		{D559345D-B99F-4EAB-812B-394F6715C03A}.Release|x86.ActiveCfg = Release|Win32
		{D559345D-B99F-4EAB-812B-394F6715C03A}.Release|x86.Build.0 = Release|Win32
		{D54928AC-1D7B-4E4A-BF4A-701CA1AE15AD}.Debug|x64.ActiveCfg = Debug|x64
		{D54928AC-1D7B-4E4A-BF4A-701CA1AE15AD}.Debug|x64.Build.0 = Debug|x64
		{D54928AC-1D7B-4E4A-BF4A-701CA1AE15AD}.Debug|x86.ActiveCfg = Debug|Win32
		{D54928AC-1D7B-4E4A-BF4A-701CA1AE15AD}.Debug|x86.Build.0 = Debug|Win32
		{D54928AC-1D7B-4E4A-BF4A-701CA1AE15AD}.Release|x64.ActiveCfg = Release|x64
		{D54928AC-1D7B-4E4A-BF4A-701CA1AE15AD}.Release|x64.Build.0 = Release|x64
		{D54928AC-1D7B-4E4A-BF4A-701CA1AE15AD}.Release|x86.ActiveCfg = Release|Win32
		{D54928AC-1D7B-4E4A-BF4A-701CA1AE15AD}.Release|x86.Build.0 = Release|Win32
		{0F3A4098-904D-4506-9A8D-426F1F534A28}.Debug|x64.ActiveCfg = Debug|x64
		{0F3A4098-904D-4506-9A8D-426F1F534A28}.Debug|x64.Build.0 = Debug|x64
		{0F3A4098-904D-4506-9A8D-426F1F534A28}.Debug|x86.ActiveCfg = Debug|Win32
		{0F3A4098-904D-4506-9A8D-426F1F534A28}.Debug|x86.Build.0 = Debug|Win32
		{0F3A4098-904D-4506-9A8D-426F1F534A28}.Release|x64.ActiveCfg = Release|x64
		{0F3A4098-904D-4506-9A8D-426F1F534A28}.Release|x64.Build.0 = Release|x64
		{0F3A4098-904D-4506-9A8D-426F1F534A28}.Release|x86.ActiveCfg = Release|Win32
		{0F3A4098-904D-4506-9A8D-426F1F534A28}.Release|x86.Build.0 = Release|Win32
		{3B8F5229-6F5E-463E-8093-BCED5D8E35D2}.Debug|x64.ActiveCfg = Debug|x64
		{3B8F5229-6F5E-463E-8093-BCED5D8E35D2}.Debug|x64.Build.0 = Debug|x64
		{3B8F5229-6F5E-463E-8093-BCED5D8E35D2}.Debug|x86.ActiveCfg = Debug|Win32
		{3B8F5229-6F5E-463E-8093-BCED5D8E35D2}.Debug|x86.Build.0 = Debug|Win32
		{3B8F5229-6F5E-463E-8093-BCED5D8E35D2}.Release|x64.ActiveCfg = Release|x64
		{3B8F5229-6F5E-463E-8093-BCED5D8E35D2}.Release|x64.Build.0 = Release|x64
		{3B8F5229-6F5E-463E-8093-BCED5D8E35D2}.Release|x86.ActiveCfg = Release|Win32
		{3B8F5229-6F5E-463E-8093-BCED5D8E35D2}.Release|x86.Build.0 = Release|Win32
		{34763E64-0162-423C-AFD2-A2204E1E96BF}.Debug|x64.ActiveCfg = Debug|x64
		{34763E64-0162-423C-AFD2-A2204E1E96BF}.Debug|x64.Build.0 = Debug|x64
		{34763E64-0162-423C-AFD2-A2204E1E96BF}.Debug|x86.ActiveCfg = Debug|Win32
		{34763E64-0162-423C-AFD2-A2204E1E96BF}.Debug|x86.Build.0 = Debug|Win32
		{34763E64-0162-423C-AFD2-A2204E1E96BF}.Release|x64.ActiveCfg = Release|x64
		{34763E64-0162-423C-AFD2-A2204E1E96BF}.Release|x64.Build.0 = Release|x64
		{34763E64-0162-423C-AFD2-A2204E1E96BF}.Release|x86.ActiveCfg = Release|Win32
		{34763E64-0162-423C-AFD2-A2204E1E96BF}.Release|x86.Build.0 = Release|Win32
		{DA66302D-ECBF-470C-A315-44D3644F7A3E}.Debug|x64.ActiveCfg = Debug|x64
		{DA66302D-ECBF-470C-A315-44D3644F7A3E}.Debug|x64.Build.0 = Debug|x64
		{DA66302D-ECBF-470C-A315-44D3644F7A3E}.Debug|x86.ActiveCfg = Debug|Win32
		{DA66302D-ECBF-470C-A315-44D3644F7A3E}.Debug|x86.Build.0 = Debug|Win32
		{DA66302D-ECBF-470C-A315-44D3644F7A3E}.Release|x64.ActiveCfg = Release|x64
		{DA66302D-ECBF-470C-A315-44D3644F7A3E}.Release|x64.Build.0 = Release|x64
		{DA66302D-ECBF-470C-A315-44D3644F7A3E}.Release|x86.ActiveCfg = Release|Win32
		{DA66302D-ECBF-470C-A315-44D3644F7A3E}.Release|x86.Build.0 = Release|Win32
		{BD0FD57C-4BF8-4DA4-BA93-74B7EF6C7FEE}.Debug|x64.ActiveCfg = Debug|x64
		{BD0FD57C-4BF8-4DA4-BA93-74B7EF6C7FEE}.Debug|x64.Build.0 = Debug|x64
		{BD0FD57C-4BF8-4DA4-BA93-74B7EF6C7FEE}.Debug|x86.ActiveCfg = Debug|Win32
		{BD0FD57C-4BF8-4DA4-BA93-74B7EF6C7FEE}.Debug|x86.Build.0 = Debug|Win32
		{BD0FD57C-4BF8-4DA4-BA93-74B7EF6C7FEE}.Release|x64.ActiveCfg = Release|x64
		{BD0FD57C-4BF8-4DA4-BA93-74B7EF6C7FEE}.Release|x64.Build.0 = Release|x64
		{BD0FD57C-4BF8-4DA4-BA93-74B7EF6C7FEE}.Release|x86.ActiveCfg = Release|Win32
		{BD0FD57C-4BF8-4DA4-BA93-74B7EF6C7FEE}.Release|x86.Build.0 = Release|Win32
		{2F3597C0-19B4-4CDE-A446-46E7F9F59E6E}.Debug|x64.ActiveCfg = Debug|x64
		{2F3597C0-19B4-4CDE-A446-46E7F9F59E6E}.Debug|x64.Build.0 = Debug|x64
		{2F3597C0-19B4-4CDE-A446-46E7F9F59E6E}.Debug|x86.ActiveCfg = Debug|Win32
		{2F3597C0-19B4-4CDE-A446-46E7F9F59E6E}.Debug|x86.Build.0 = Debug|Win32
		{2F3597C0-19B4-4CDE-A446-46E7F9F59E6E}.Release|x64.ActiveCfg = Release|x64
		{2F3597C0-19B4-4CDE-A446-46E7F9F59E6E}.Release|x64.Build.0 = Release|x64
		{2F3597C0-19B4-4CDE-A446-46E7F9F59E6E}.Release|x86.ActiveCfg = Release|Win32
		{2F3597C0-19B4-4CDE-A446-46E7F9F59E6E}.Release|x86.Build.0 = Release|Win32
	EndGlobalSection
	GlobalSection(SolutionProperties) = preSolution
		HideSolutionNode = FALSE
	EndGlobalSection
EndGlobal
