
Microsoft Visual Studio Solution File, Format Version 12.00
# Visual Studio 14
VisualStudioVersion = 14.0.25420.1
MinimumVisualStudioVersion = 10.0.40219.1
Project("{8BC9CEB8-8B4A-11D0-8D11-00A0C91BC942}") = "_06_print_list_reversed_order", "_06_print_list_reversed_order\_06_print_list_reversed_order.vcxproj", "{A271664C-219F-47DE-B933-F23A0B9FC7F3}"
EndProject
Project("{8BC9CEB8-8B4A-11D0-8D11-00A0C91BC942}") = "_07_rebuild_binary_tree", "_07_rebuild_binary_tree\_07_rebuild_binary_tree.vcxproj", "{7878ADB4-19D1-4481-86C1-24663A4D1B92}"
EndProject
Project("{8BC9CEB8-8B4A-11D0-8D11-00A0C91BC942}") = "_08_binary_tree_get_next_node", "_08_binary_tree_get_next_node\_08_binary_tree_get_next_node.vcxproj", "{5D0A35AD-7EEE-43A6-94F3-83181FC50944}"
EndProject
Project("{8BC9CEB8-8B4A-11D0-8D11-00A0C91BC942}") = "_09_queue_used_2_stack", "_09_queue_used_2_stack\_09_queue_used_2_stack.vcxproj", "{AAF48BCB-AF48-41BC-9A9D-8379194304AE}"
EndProject
Project("{8BC9CEB8-8B4A-11D0-8D11-00A0C91BC942}") = "_10_fibonacci_sequence", "_10_fibonacci_sequence\_10_fibonacci_sequence.vcxproj", "{A9039B2A-9D6B-46FD-960A-9E52CA83CDA5}"
EndProject
Project("{8BC9CEB8-8B4A-11D0-8D11-00A0C91BC942}") = "_11_min_number_of_rotation_arry", "_11_min_number_of_rotation_arry\_11_min_number_of_rotation_arry.vcxproj", "{423A571F-9E56-46C4-A6ED-EB5C1AB4328C}"
EndProject
Project("{8BC9CEB8-8B4A-11D0-8D11-00A0C91BC942}") = "_12_String_path_in_matrix", "_12_String_path_in_matrix\_12_String_path_in_matrix.vcxproj", "{F9AB88F7-84AC-42AD-90B5-D6B93DBCAB41}"
EndProject
Project("{8BC9CEB8-8B4A-11D0-8D11-00A0C91BC942}") = "_13_Robot_mov_range", "_13_Robot_mov_range\_13_Robot_mov_range.vcxproj", "{099E7912-CDCC-4220-888B-E9F60BBA55D1}"
EndProject
Project("{8BC9CEB8-8B4A-11D0-8D11-00A0C91BC942}") = "_14_cutRope", "_14_cutRope\_14_cutRope.vcxproj", "{3496ABDF-4241-4378-97BA-1ED05BA29C82}"
EndProject
Project("{8BC9CEB8-8B4A-11D0-8D11-00A0C91BC942}") = "_15_number_of_1_in_binary", "_15_number_of_1_in_binary\_15_number_of_1_in_binary.vcxproj", "{D2A6E09D-32F9-4B8E-A272-9A3CE833FE1B}"
EndProject
Project("{8BC9CEB8-8B4A-11D0-8D11-00A0C91BC942}") = "_16_integer_power_of_integer", "_16_integer_power_of_integer\_16_integer_power_of_integer.vcxproj", "{0B5E1F9C-E98B-4D6E-B9BF-062535F81F74}"
EndProject
Project("{8BC9CEB8-8B4A-11D0-8D11-00A0C91BC942}") = "_17_print_1_to_max_of_n_digits", "_16_print_1_to_max_of_n_digits\_16_print_1_to_max_of_n_digits.vcxproj", "{1A58816D-B01F-4CDD-9F0F-B9F6A04B53C8}"
EndProject
Project("{8BC9CEB8-8B4A-11D0-8D11-00A0C91BC942}") = "_18_delete_node_in_list", "_18_delete_node_in_list\_18_delete_node_in_list.vcxproj", "{FFF29C73-B1BB-4046-9FB0-5D39D93D98CE}"
EndProject
Project("{8BC9CEB8-8B4A-11D0-8D11-00A0C91BC942}") = "_18_02_delete_duplicate_node", "_18_02_delete_duplicate_node\_18_02_delete_duplicate_node.vcxproj", "{009A51B1-FF98-4008-B1DE-F21776EA14CE}"
EndProject
Project("{8BC9CEB8-8B4A-11D0-8D11-00A0C91BC942}") = "_19_regular_expression_match", "_19_regular_expression_match\_19_regular_expression_match.vcxproj", "{D559345D-B99F-4EAB-812B-394F6715C03A}"
EndProject
Project("{8BC9CEB8-8B4A-11D0-8D11-00A0C91BC942}") = "_20_numerica_stringsl", "_20_numerica_stringsl\_20_numerica_stringsl.vcxproj", "{D54928AC-1D7B-4E4A-BF4A-701CA1AE15AD}"
EndProject
Project("{8BC9CEB8-8B4A-11D0-8D11-00A0C91BC942}") = "_21_reorder_array", "_21_reorder_array\_21_reorder_array.vcxproj", "{0F3A4098-904D-4506-9A8D-426F1F534A28}"
EndProject
Project("{8BC9CEB8-8B4A-11D0-8D11-00A0C91BC942}") = "_22_KthNodeFromEnd", "_22_KthNodeFromEnd\_22_KthNodeFromEnd.vcxproj", "{3B8F5229-6F5E-463E-8093-BCED5D8E35D2}"
EndProject
Project("{8BC9CEB8-8B4A-11D0-8D11-00A0C91BC942}") = "_23_EntryNodeInListLoop", "_23_EntryNodeInListLoop\_23_EntryNodeInListLoop.vcxproj", "{34763E64-0162-423C-AFD2-A2204E1E96BF}"
EndProject
Project("{8BC9CEB8-8B4A-11D0-8D11-00A0C91BC942}") = "_24_ReverseList", "_24_ReverseList\_24_ReverseList.vcxproj", "{DA66302D-ECBF-470C-A315-44D3644F7A3E}"
EndProject
Project("{8BC9CEB8-8B4A-11D0-8D11-00A0C91BC942}") = "_25_MergeList", "_25_MergeList\_25_MergeList.vcxproj", "{BD0FD57C-4BF8-4DA4-BA93-74B7EF6C7FEE}"
EndProject
Project("{8BC9CEB8-8B4A-11D0-8D11-00A0C91BC942}") = "_26_HasSubBinaryTree", "_26_HasSubBinaryTree\_26_HasSubBinaryTree.vcxproj", "{2F3597C0-19B4-4CDE-A446-46E7F9F59E6E}"
EndProject
Project("{8BC9CEB8-8B4A-11D0-8D11-00A0C91BC942}") = "_27_MirrorBinaryTree", "MirrorBinaryTree\MirrorBinaryTree.vcxproj", "{85BE06D6-E484-4CC0-A1F9-67DCD68E039A}"
EndProject
Project("{8BC9CEB8-8B4A-11D0-8D11-00A0C91BC942}") = "_28_SymmetricBinaryTree", "_28_SymmetricBinaryTree\_28_SymmetricBinaryTree.vcxproj", "{629DCE1C-3F29-4EEF-B915-EDE5D6F65899}"
EndProject
Project("{8BC9CEB8-8B4A-11D0-8D11-00A0C91BC942}") = "_29_printMatrix", "_29_printMatrix\_29_printMatrix.vcxproj", "{A8ECD0DE-FBE6-4D6E-A2F0-28C14C238E6F}"
EndProject
Project("{8BC9CEB8-8B4A-11D0-8D11-00A0C91BC942}") = "_30_StackWithMin", "_30_StackWithMin\_30_StackWithMin.vcxproj", "{5FE4EE58-C711-4256-8889-7B8DA4414800}"
EndProject
Project("{8BC9CEB8-8B4A-11D0-8D11-00A0C91BC942}") = "_31_IsPopOrder", "_31_IsPopOrder\_31_IsPopOrder.vcxproj", "{CCF09919-1667-450B-AA88-3630A788D947}"
EndProject
Project("{8BC9CEB8-8B4A-11D0-8D11-00A0C91BC942}") = "_32_1_PrintTreeTopToBottom", "_32_1_PrintTreeTopToBottom\_32_1_PrintTreeTopToBottom.vcxproj", "{BB98E307-F305-421D-ABA9-B926DE2CC2E8}"
EndProject
Project("{8BC9CEB8-8B4A-11D0-8D11-00A0C91BC942}") = "_32_2_PrintBinTree", "_32_2_PrintBinTree\_32_2_PrintBinTree.vcxproj", "{B7299142-5EB4-4C92-A387-003289AD192E}"
EndProject
Project("{8BC9CEB8-8B4A-11D0-8D11-00A0C91BC942}") = "_32_3_PrintBinaryTree", "_32_3_PrintBinaryTree\_32_3_PrintBinaryTree.vcxproj", "{42F5D434-64C8-461C-8F4E-752AC5194037}"
EndProject
Project("{8BC9CEB8-8B4A-11D0-8D11-00A0C91BC942}") = "_33_BinarySearchTree", "_33_BinarySearchTree\_33_BinarySearchTree.vcxproj", "{8E51A50D-B648-4FC7-AA61-298D09E0427B}"
EndProject
Project("{8BC9CEB8-8B4A-11D0-8D11-00A0C91BC942}") = "_34_find_path_in_binary_tree", "_34_find_path_in_binary_tree\_34_find_path_in_binary_tree.vcxproj", "{5C210B29-67FD-47A4-B011-F18D2F9FB4C8}"
EndProject
Project("{8BC9CEB8-8B4A-11D0-8D11-00A0C91BC942}") = "_35_ComplexListClone", "_35_ComplexListClone\_35_ComplexListClone.vcxproj", "{221B67D4-F57F-4985-B1E5-14B3D4570CD5}"
EndProject
Project("{8BC9CEB8-8B4A-11D0-8D11-00A0C91BC942}") = "_36_convert_binarySearchTree", "_36_convert_binarySearchTree\_36_convert_binarySearchTree.vcxproj", "{0270A5C6-C001-4493-AFD8-51EE8B6D635D}"
EndProject
Project("{8BC9CEB8-8B4A-11D0-8D11-00A0C91BC942}") = "_37_serializeBinaryTree", "_37_serializeBinaryTree\_37_serializeBinaryTree.vcxproj", "{AFC7BA8D-ABAF-478E-9D04-014B879FD060}"
EndProject
Project("{8BC9CEB8-8B4A-11D0-8D11-00A0C91BC942}") = "_38_StringPermutation", "_38_StringPermutation\_38_StringPermutation.vcxproj", "{4DEC5BDF-FAAE-43D3-9C81-430FA185D9CC}"
EndProject
Project("{8BC9CEB8-8B4A-11D0-8D11-00A0C91BC942}") = "_38_2_strCombination", "_38_2_strCombination\_38_2_strCombination.vcxproj", "{E796BFA4-1AA5-4467-9B29-A8F41F4818D8}"
EndProject
Project("{8BC9CEB8-8B4A-11D0-8D11-00A0C91BC942}") = "_39_MoreThanHalfNumber", "_39_MoreThanHalfNumber\_39_MoreThanHalfNumber.vcxproj", "{44D88D09-F61A-48F1-A3CF-990DEA0CAE88}"
EndProject
Project("{8BC9CEB8-8B4A-11D0-8D11-00A0C91BC942}") = "_40_KLeastNumbers", "_40_KLeastNumbers\_40_KLeastNumbers.vcxproj", "{8EED6B3A-CEB2-4243-9B0F-623F0E7A0494}"
EndProject
Project("{8BC9CEB8-8B4A-11D0-8D11-00A0C91BC942}") = "_41_streammedian", "_41_streammedian\_41_streammedian.vcxproj", "{E6968EFB-2D6D-41E8-B360-7244B68A314C}"
EndProject
Project("{8BC9CEB8-8B4A-11D0-8D11-00A0C91BC942}") = "_42_GreateatSumOfSubArrays", "_42_GreateatSumOfSubArrays\_42_GreateatSumOfSubArrays.vcxproj", "{3259319F-44A8-482A-AE2B-55E19932E8F1}"
EndProject
Project("{8BC9CEB8-8B4A-11D0-8D11-00A0C91BC942}") = "_43_NumberOf1", "_43_NumberOf1\_43_NumberOf1.vcxproj", "{9D2DAC43-D565-4864-A586-5DD7FCB7F418}"
EndProject
Project("{8BC9CEB8-8B4A-11D0-8D11-00A0C91BC942}") = "_44_DigitsInSequence", "_44_DigitsInSequence\_44_DigitsInSequence.vcxproj", "{87E4D7E2-7CE6-4A80-994A-25D18AF1BAEB}"
EndProject
Project("{8BC9CEB8-8B4A-11D0-8D11-00A0C91BC942}") = "_45_SortArrayForMinNumber", "_45_SortArrayForMinNumber\_45_SortArrayForMinNumber.vcxproj", "{9A7C07B8-6CB0-4564-975F-B0D4E04CCAD5}"
EndProject
Project("{8BC9CEB8-8B4A-11D0-8D11-00A0C91BC942}") = "_46_DecodeNumberToString", "_46_DecodeNumberToString\_46_DecodeNumberToString.vcxproj", "{506125CF-A241-4773-ACEA-63CCAAEE0DB5}"
EndProject
Project("{8BC9CEB8-8B4A-11D0-8D11-00A0C91BC942}") = "_47_MaxValueOfGifts", "_47_MaxValueOfGifts\_47_MaxValueOfGifts.vcxproj", "{197E4A7C-CE02-48E2-A235-05B3DEB06876}"
EndProject
Project("{8BC9CEB8-8B4A-11D0-8D11-00A0C91BC942}") = "_48_LongestSubStrWithoutDup", "_48_LongestSubStrWithoutDup\_48_LongestSubStrWithoutDup.vcxproj", "{46BE4F21-0C5B-4EAE-9AF8-69E18D6EBEDE}"
EndProject
Project("{8BC9CEB8-8B4A-11D0-8D11-00A0C91BC942}") = "_49_UglyNumber", "_49_UglyNumber\_49_UglyNumber.vcxproj", "{629FDEA8-8BEC-476A-8A98-81213DB9A167}"
EndProject
Project("{8BC9CEB8-8B4A-11D0-8D11-00A0C91BC942}") = "_50_01_firstNotRepeatChar", "_50_01_firstNotRepeatChar\_50_01_firstNotRepeatChar.vcxproj", "{7116F609-9732-4946-B0F2-9D7646A3AFE0}"
EndProject
Project("{8BC9CEB8-8B4A-11D0-8D11-00A0C91BC942}") = "_50_02_FirstCharacterInStream", "_50_02_FirstCharacterInStream\_50_02_FirstCharacterInStream.vcxproj", "{086C56F2-CC4A-41E0-8C19-CEBA45F52640}"
EndProject
Project("{8BC9CEB8-8B4A-11D0-8D11-00A0C91BC942}") = "_51_InversePairs", "_51_InversePairs\_51_InversePairs.vcxproj", "{D1F38069-C64C-43D4-937B-62E2B6FB15CD}"
EndProject
Project("{8BC9CEB8-8B4A-11D0-8D11-00A0C91BC942}") = "_52_FirstCommenNodeInLists", "_52_FirstCommenNodeInLists\_52_FirstCommenNodeInLists.vcxproj", "{07910015-04D0-46D6-B23B-01CB35A321D3}"
EndProject
Project("{8BC9CEB8-8B4A-11D0-8D11-00A0C91BC942}") = "_53_01_NumberInOrderedArray", "_53_01_NumberInOrderedArray\_53_01_NumberInOrderedArray.vcxproj", "{EA3380BB-5D28-455A-892E-E92F593D4D77}"
EndProject
Project("{8BC9CEB8-8B4A-11D0-8D11-00A0C91BC942}") = "_53_02_MissingNumber", "_53_02_MissingNumber\_53_02_MissingNumber.vcxproj", "{37AAC09D-61B2-414D-B528-F0E6802BE0E4}"
EndProject
Project("{8BC9CEB8-8B4A-11D0-8D11-00A0C91BC942}") = "_53_03_IntegerIdentityToIndex", "_53_03_IntegerIdentityToIndex\_53_03_IntegerIdentityToIndex.vcxproj", "{454F9F3E-F157-49C2-9E37-517DB9438F9B}"
EndProject
Global
	GlobalSection(SolutionConfigurationPlatforms) = preSolution
		Debug|x64 = Debug|x64
		Debug|x86 = Debug|x86
		Release|x64 = Release|x64
		Release|x86 = Release|x86
	EndGlobalSection
	GlobalSection(ProjectConfigurationPlatforms) = postSolution
		{A271664C-219F-47DE-B933-F23A0B9FC7F3}.Debug|x64.ActiveCfg = Debug|x64
		{A271664C-219F-47DE-B933-F23A0B9FC7F3}.Debug|x64.Build.0 = Debug|x64
		{A271664C-219F-47DE-B933-F23A0B9FC7F3}.Debug|x86.ActiveCfg = Debug|Win32
		{A271664C-219F-47DE-B933-F23A0B9FC7F3}.Debug|x86.Build.0 = Debug|Win32
		{A271664C-219F-47DE-B933-F23A0B9FC7F3}.Release|x64.ActiveCfg = Release|x64
		{A271664C-219F-47DE-B933-F23A0B9FC7F3}.Release|x64.Build.0 = Release|x64
		{A271664C-219F-47DE-B933-F23A0B9FC7F3}.Release|x86.ActiveCfg = Release|Win32
		{A271664C-219F-47DE-B933-F23A0B9FC7F3}.Release|x86.Build.0 = Release|Win32
		{7878ADB4-19D1-4481-86C1-24663A4D1B92}.Debug|x64.ActiveCfg = Debug|x64
		{7878ADB4-19D1-4481-86C1-24663A4D1B92}.Debug|x64.Build.0 = Debug|x64
		{7878ADB4-19D1-4481-86C1-24663A4D1B92}.Debug|x86.ActiveCfg = Debug|Win32
		{7878ADB4-19D1-4481-86C1-24663A4D1B92}.Debug|x86.Build.0 = Debug|Win32
		{7878ADB4-19D1-4481-86C1-24663A4D1B92}.Release|x64.ActiveCfg = Release|x64
		{7878ADB4-19D1-4481-86C1-24663A4D1B92}.Release|x64.Build.0 = Release|x64
		{7878ADB4-19D1-4481-86C1-24663A4D1B92}.Release|x86.ActiveCfg = Release|Win32
		{7878ADB4-19D1-4481-86C1-24663A4D1B92}.Release|x86.Build.0 = Release|Win32
		{5D0A35AD-7EEE-43A6-94F3-83181FC50944}.Debug|x64.ActiveCfg = Debug|x64
		{5D0A35AD-7EEE-43A6-94F3-83181FC50944}.Debug|x64.Build.0 = Debug|x64
		{5D0A35AD-7EEE-43A6-94F3-83181FC50944}.Debug|x86.ActiveCfg = Debug|Win32
		{5D0A35AD-7EEE-43A6-94F3-83181FC50944}.Debug|x86.Build.0 = Debug|Win32
		{5D0A35AD-7EEE-43A6-94F3-83181FC50944}.Release|x64.ActiveCfg = Release|x64
		{5D0A35AD-7EEE-43A6-94F3-83181FC50944}.Release|x64.Build.0 = Release|x64
		{5D0A35AD-7EEE-43A6-94F3-83181FC50944}.Release|x86.ActiveCfg = Release|Win32
		{5D0A35AD-7EEE-43A6-94F3-83181FC50944}.Release|x86.Build.0 = Release|Win32
		{AAF48BCB-AF48-41BC-9A9D-8379194304AE}.Debug|x64.ActiveCfg = Debug|x64
		{AAF48BCB-AF48-41BC-9A9D-8379194304AE}.Debug|x64.Build.0 = Debug|x64
		{AAF48BCB-AF48-41BC-9A9D-8379194304AE}.Debug|x86.ActiveCfg = Debug|Win32
		{AAF48BCB-AF48-41BC-9A9D-8379194304AE}.Debug|x86.Build.0 = Debug|Win32
		{AAF48BCB-AF48-41BC-9A9D-8379194304AE}.Release|x64.ActiveCfg = Release|x64
		{AAF48BCB-AF48-41BC-9A9D-8379194304AE}.Release|x64.Build.0 = Release|x64
		{AAF48BCB-AF48-41BC-9A9D-8379194304AE}.Release|x86.ActiveCfg = Release|Win32
		{AAF48BCB-AF48-41BC-9A9D-8379194304AE}.Release|x86.Build.0 = Release|Win32
		{A9039B2A-9D6B-46FD-960A-9E52CA83CDA5}.Debug|x64.ActiveCfg = Debug|x64
		{A9039B2A-9D6B-46FD-960A-9E52CA83CDA5}.Debug|x64.Build.0 = Debug|x64
		{A9039B2A-9D6B-46FD-960A-9E52CA83CDA5}.Debug|x86.ActiveCfg = Debug|Win32
		{A9039B2A-9D6B-46FD-960A-9E52CA83CDA5}.Debug|x86.Build.0 = Debug|Win32
		{A9039B2A-9D6B-46FD-960A-9E52CA83CDA5}.Release|x64.ActiveCfg = Release|x64
		{A9039B2A-9D6B-46FD-960A-9E52CA83CDA5}.Release|x64.Build.0 = Release|x64
		{A9039B2A-9D6B-46FD-960A-9E52CA83CDA5}.Release|x86.ActiveCfg = Release|Win32
		{A9039B2A-9D6B-46FD-960A-9E52CA83CDA5}.Release|x86.Build.0 = Release|Win32
		{423A571F-9E56-46C4-A6ED-EB5C1AB4328C}.Debug|x64.ActiveCfg = Debug|x64
		{423A571F-9E56-46C4-A6ED-EB5C1AB4328C}.Debug|x64.Build.0 = Debug|x64
		{423A571F-9E56-46C4-A6ED-EB5C1AB4328C}.Debug|x86.ActiveCfg = Debug|Win32
		{423A571F-9E56-46C4-A6ED-EB5C1AB4328C}.Debug|x86.Build.0 = Debug|Win32
		{423A571F-9E56-46C4-A6ED-EB5C1AB4328C}.Release|x64.ActiveCfg = Release|x64
		{423A571F-9E56-46C4-A6ED-EB5C1AB4328C}.Release|x64.Build.0 = Release|x64
		{423A571F-9E56-46C4-A6ED-EB5C1AB4328C}.Release|x86.ActiveCfg = Release|Win32
		{423A571F-9E56-46C4-A6ED-EB5C1AB4328C}.Release|x86.Build.0 = Release|Win32
		{F9AB88F7-84AC-42AD-90B5-D6B93DBCAB41}.Debug|x64.ActiveCfg = Debug|x64
		{F9AB88F7-84AC-42AD-90B5-D6B93DBCAB41}.Debug|x64.Build.0 = Debug|x64
		{F9AB88F7-84AC-42AD-90B5-D6B93DBCAB41}.Debug|x86.ActiveCfg = Debug|Win32
		{F9AB88F7-84AC-42AD-90B5-D6B93DBCAB41}.Debug|x86.Build.0 = Debug|Win32
		{F9AB88F7-84AC-42AD-90B5-D6B93DBCAB41}.Release|x64.ActiveCfg = Release|x64
		{F9AB88F7-84AC-42AD-90B5-D6B93DBCAB41}.Release|x64.Build.0 = Release|x64
		{F9AB88F7-84AC-42AD-90B5-D6B93DBCAB41}.Release|x86.ActiveCfg = Release|Win32
		{F9AB88F7-84AC-42AD-90B5-D6B93DBCAB41}.Release|x86.Build.0 = Release|Win32
		{099E7912-CDCC-4220-888B-E9F60BBA55D1}.Debug|x64.ActiveCfg = Debug|x64
		{099E7912-CDCC-4220-888B-E9F60BBA55D1}.Debug|x64.Build.0 = Debug|x64
		{099E7912-CDCC-4220-888B-E9F60BBA55D1}.Debug|x86.ActiveCfg = Debug|Win32
		{099E7912-CDCC-4220-888B-E9F60BBA55D1}.Debug|x86.Build.0 = Debug|Win32
		{099E7912-CDCC-4220-888B-E9F60BBA55D1}.Release|x64.ActiveCfg = Release|x64
		{099E7912-CDCC-4220-888B-E9F60BBA55D1}.Release|x64.Build.0 = Release|x64
		{099E7912-CDCC-4220-888B-E9F60BBA55D1}.Release|x86.ActiveCfg = Release|Win32
		{099E7912-CDCC-4220-888B-E9F60BBA55D1}.Release|x86.Build.0 = Release|Win32
		{3496ABDF-4241-4378-97BA-1ED05BA29C82}.Debug|x64.ActiveCfg = Debug|x64
		{3496ABDF-4241-4378-97BA-1ED05BA29C82}.Debug|x64.Build.0 = Debug|x64
		{3496ABDF-4241-4378-97BA-1ED05BA29C82}.Debug|x86.ActiveCfg = Debug|Win32
		{3496ABDF-4241-4378-97BA-1ED05BA29C82}.Debug|x86.Build.0 = Debug|Win32
		{3496ABDF-4241-4378-97BA-1ED05BA29C82}.Release|x64.ActiveCfg = Release|x64
		{3496ABDF-4241-4378-97BA-1ED05BA29C82}.Release|x64.Build.0 = Release|x64
		{3496ABDF-4241-4378-97BA-1ED05BA29C82}.Release|x86.ActiveCfg = Release|Win32
		{3496ABDF-4241-4378-97BA-1ED05BA29C82}.Release|x86.Build.0 = Release|Win32
		{D2A6E09D-32F9-4B8E-A272-9A3CE833FE1B}.Debug|x64.ActiveCfg = Debug|x64
		{D2A6E09D-32F9-4B8E-A272-9A3CE833FE1B}.Debug|x64.Build.0 = Debug|x64
		{D2A6E09D-32F9-4B8E-A272-9A3CE833FE1B}.Debug|x86.ActiveCfg = Debug|Win32
		{D2A6E09D-32F9-4B8E-A272-9A3CE833FE1B}.Debug|x86.Build.0 = Debug|Win32
		{D2A6E09D-32F9-4B8E-A272-9A3CE833FE1B}.Release|x64.ActiveCfg = Release|x64
		{D2A6E09D-32F9-4B8E-A272-9A3CE833FE1B}.Release|x64.Build.0 = Release|x64
		{D2A6E09D-32F9-4B8E-A272-9A3CE833FE1B}.Release|x86.ActiveCfg = Release|Win32
		{D2A6E09D-32F9-4B8E-A272-9A3CE833FE1B}.Release|x86.Build.0 = Release|Win32
		{0B5E1F9C-E98B-4D6E-B9BF-062535F81F74}.Debug|x64.ActiveCfg = Debug|x64
		{0B5E1F9C-E98B-4D6E-B9BF-062535F81F74}.Debug|x64.Build.0 = Debug|x64
		{0B5E1F9C-E98B-4D6E-B9BF-062535F81F74}.Debug|x86.ActiveCfg = Debug|Win32
		{0B5E1F9C-E98B-4D6E-B9BF-062535F81F74}.Debug|x86.Build.0 = Debug|Win32
		{0B5E1F9C-E98B-4D6E-B9BF-062535F81F74}.Release|x64.ActiveCfg = Release|x64
		{0B5E1F9C-E98B-4D6E-B9BF-062535F81F74}.Release|x64.Build.0 = Release|x64
		{0B5E1F9C-E98B-4D6E-B9BF-062535F81F74}.Release|x86.ActiveCfg = Release|Win32
		{0B5E1F9C-E98B-4D6E-B9BF-062535F81F74}.Release|x86.Build.0 = Release|Win32
		{1A58816D-B01F-4CDD-9F0F-B9F6A04B53C8}.Debug|x64.ActiveCfg = Debug|x64
		{1A58816D-B01F-4CDD-9F0F-B9F6A04B53C8}.Debug|x64.Build.0 = Debug|x64
		{1A58816D-B01F-4CDD-9F0F-B9F6A04B53C8}.Debug|x86.ActiveCfg = Debug|Win32
		{1A58816D-B01F-4CDD-9F0F-B9F6A04B53C8}.Debug|x86.Build.0 = Debug|Win32
		{1A58816D-B01F-4CDD-9F0F-B9F6A04B53C8}.Release|x64.ActiveCfg = Release|x64
		{1A58816D-B01F-4CDD-9F0F-B9F6A04B53C8}.Release|x64.Build.0 = Release|x64
		{1A58816D-B01F-4CDD-9F0F-B9F6A04B53C8}.Release|x86.ActiveCfg = Release|Win32
		{1A58816D-B01F-4CDD-9F0F-B9F6A04B53C8}.Release|x86.Build.0 = Release|Win32
		{FFF29C73-B1BB-4046-9FB0-5D39D93D98CE}.Debug|x64.ActiveCfg = Debug|x64
		{FFF29C73-B1BB-4046-9FB0-5D39D93D98CE}.Debug|x64.Build.0 = Debug|x64
		{FFF29C73-B1BB-4046-9FB0-5D39D93D98CE}.Debug|x86.ActiveCfg = Debug|Win32
		{FFF29C73-B1BB-4046-9FB0-5D39D93D98CE}.Debug|x86.Build.0 = Debug|Win32
		{FFF29C73-B1BB-4046-9FB0-5D39D93D98CE}.Release|x64.ActiveCfg = Release|x64
		{FFF29C73-B1BB-4046-9FB0-5D39D93D98CE}.Release|x64.Build.0 = Release|x64
		{FFF29C73-B1BB-4046-9FB0-5D39D93D98CE}.Release|x86.ActiveCfg = Release|Win32
		{FFF29C73-B1BB-4046-9FB0-5D39D93D98CE}.Release|x86.Build.0 = Release|Win32
		{009A51B1-FF98-4008-B1DE-F21776EA14CE}.Debug|x64.ActiveCfg = Debug|x64
		{009A51B1-FF98-4008-B1DE-F21776EA14CE}.Debug|x64.Build.0 = Debug|x64
		{009A51B1-FF98-4008-B1DE-F21776EA14CE}.Debug|x86.ActiveCfg = Debug|Win32
		{009A51B1-FF98-4008-B1DE-F21776EA14CE}.Debug|x86.Build.0 = Debug|Win32
		{009A51B1-FF98-4008-B1DE-F21776EA14CE}.Release|x64.ActiveCfg = Release|x64
		{009A51B1-FF98-4008-B1DE-F21776EA14CE}.Release|x64.Build.0 = Release|x64
		{009A51B1-FF98-4008-B1DE-F21776EA14CE}.Release|x86.ActiveCfg = Release|Win32
		{009A51B1-FF98-4008-B1DE-F21776EA14CE}.Release|x86.Build.0 = Release|Win32
		{D559345D-B99F-4EAB-812B-394F6715C03A}.Debug|x64.ActiveCfg = Debug|x64
		{D559345D-B99F-4EAB-812B-394F6715C03A}.Debug|x64.Build.0 = Debug|x64
		{D559345D-B99F-4EAB-812B-394F6715C03A}.Debug|x86.ActiveCfg = Debug|Win32
		{D559345D-B99F-4EAB-812B-394F6715C03A}.Debug|x86.Build.0 = Debug|Win32
		{D559345D-B99F-4EAB-812B-394F6715C03A}.Release|x64.ActiveCfg = Release|x64
		{D559345D-B99F-4EAB-812B-394F6715C03A}.Release|x64.Build.0 = Release|x64
		{D559345D-B99F-4EAB-812B-394F6715C03A}.Release|x86.ActiveCfg = Release|Win32
		{D559345D-B99F-4EAB-812B-394F6715C03A}.Release|x86.Build.0 = Release|Win32
		{D54928AC-1D7B-4E4A-BF4A-701CA1AE15AD}.Debug|x64.ActiveCfg = Debug|x64
		{D54928AC-1D7B-4E4A-BF4A-701CA1AE15AD}.Debug|x64.Build.0 = Debug|x64
		{D54928AC-1D7B-4E4A-BF4A-701CA1AE15AD}.Debug|x86.ActiveCfg = Debug|Win32
		{D54928AC-1D7B-4E4A-BF4A-701CA1AE15AD}.Debug|x86.Build.0 = Debug|Win32
		{D54928AC-1D7B-4E4A-BF4A-701CA1AE15AD}.Release|x64.ActiveCfg = Release|x64
		{D54928AC-1D7B-4E4A-BF4A-701CA1AE15AD}.Release|x64.Build.0 = Release|x64
		{D54928AC-1D7B-4E4A-BF4A-701CA1AE15AD}.Release|x86.ActiveCfg = Release|Win32
		{D54928AC-1D7B-4E4A-BF4A-701CA1AE15AD}.Release|x86.Build.0 = Release|Win32
		{0F3A4098-904D-4506-9A8D-426F1F534A28}.Debug|x64.ActiveCfg = Debug|x64
		{0F3A4098-904D-4506-9A8D-426F1F534A28}.Debug|x64.Build.0 = Debug|x64
		{0F3A4098-904D-4506-9A8D-426F1F534A28}.Debug|x86.ActiveCfg = Debug|Win32
		{0F3A4098-904D-4506-9A8D-426F1F534A28}.Debug|x86.Build.0 = Debug|Win32
		{0F3A4098-904D-4506-9A8D-426F1F534A28}.Release|x64.ActiveCfg = Release|x64
		{0F3A4098-904D-4506-9A8D-426F1F534A28}.Release|x64.Build.0 = Release|x64
		{0F3A4098-904D-4506-9A8D-426F1F534A28}.Release|x86.ActiveCfg = Release|Win32
		{0F3A4098-904D-4506-9A8D-426F1F534A28}.Release|x86.Build.0 = Release|Win32
		{3B8F5229-6F5E-463E-8093-BCED5D8E35D2}.Debug|x64.ActiveCfg = Debug|x64
		{3B8F5229-6F5E-463E-8093-BCED5D8E35D2}.Debug|x64.Build.0 = Debug|x64
		{3B8F5229-6F5E-463E-8093-BCED5D8E35D2}.Debug|x86.ActiveCfg = Debug|Win32
		{3B8F5229-6F5E-463E-8093-BCED5D8E35D2}.Debug|x86.Build.0 = Debug|Win32
		{3B8F5229-6F5E-463E-8093-BCED5D8E35D2}.Release|x64.ActiveCfg = Release|x64
		{3B8F5229-6F5E-463E-8093-BCED5D8E35D2}.Release|x64.Build.0 = Release|x64
		{3B8F5229-6F5E-463E-8093-BCED5D8E35D2}.Release|x86.ActiveCfg = Release|Win32
		{3B8F5229-6F5E-463E-8093-BCED5D8E35D2}.Release|x86.Build.0 = Release|Win32
		{34763E64-0162-423C-AFD2-A2204E1E96BF}.Debug|x64.ActiveCfg = Debug|x64
		{34763E64-0162-423C-AFD2-A2204E1E96BF}.Debug|x64.Build.0 = Debug|x64
		{34763E64-0162-423C-AFD2-A2204E1E96BF}.Debug|x86.ActiveCfg = Debug|Win32
		{34763E64-0162-423C-AFD2-A2204E1E96BF}.Debug|x86.Build.0 = Debug|Win32
		{34763E64-0162-423C-AFD2-A2204E1E96BF}.Release|x64.ActiveCfg = Release|x64
		{34763E64-0162-423C-AFD2-A2204E1E96BF}.Release|x64.Build.0 = Release|x64
		{34763E64-0162-423C-AFD2-A2204E1E96BF}.Release|x86.ActiveCfg = Release|Win32
		{34763E64-0162-423C-AFD2-A2204E1E96BF}.Release|x86.Build.0 = Release|Win32
		{DA66302D-ECBF-470C-A315-44D3644F7A3E}.Debug|x64.ActiveCfg = Debug|x64
		{DA66302D-ECBF-470C-A315-44D3644F7A3E}.Debug|x64.Build.0 = Debug|x64
		{DA66302D-ECBF-470C-A315-44D3644F7A3E}.Debug|x86.ActiveCfg = Debug|Win32
		{DA66302D-ECBF-470C-A315-44D3644F7A3E}.Debug|x86.Build.0 = Debug|Win32
		{DA66302D-ECBF-470C-A315-44D3644F7A3E}.Release|x64.ActiveCfg = Release|x64
		{DA66302D-ECBF-470C-A315-44D3644F7A3E}.Release|x64.Build.0 = Release|x64
		{DA66302D-ECBF-470C-A315-44D3644F7A3E}.Release|x86.ActiveCfg = Release|Win32
		{DA66302D-ECBF-470C-A315-44D3644F7A3E}.Release|x86.Build.0 = Release|Win32
		{BD0FD57C-4BF8-4DA4-BA93-74B7EF6C7FEE}.Debug|x64.ActiveCfg = Debug|x64
		{BD0FD57C-4BF8-4DA4-BA93-74B7EF6C7FEE}.Debug|x64.Build.0 = Debug|x64
		{BD0FD57C-4BF8-4DA4-BA93-74B7EF6C7FEE}.Debug|x86.ActiveCfg = Debug|Win32
		{BD0FD57C-4BF8-4DA4-BA93-74B7EF6C7FEE}.Debug|x86.Build.0 = Debug|Win32
		{BD0FD57C-4BF8-4DA4-BA93-74B7EF6C7FEE}.Release|x64.ActiveCfg = Release|x64
		{BD0FD57C-4BF8-4DA4-BA93-74B7EF6C7FEE}.Release|x64.Build.0 = Release|x64
		{BD0FD57C-4BF8-4DA4-BA93-74B7EF6C7FEE}.Release|x86.ActiveCfg = Release|Win32
		{BD0FD57C-4BF8-4DA4-BA93-74B7EF6C7FEE}.Release|x86.Build.0 = Release|Win32
		{2F3597C0-19B4-4CDE-A446-46E7F9F59E6E}.Debug|x64.ActiveCfg = Debug|x64
		{2F3597C0-19B4-4CDE-A446-46E7F9F59E6E}.Debug|x64.Build.0 = Debug|x64
		{2F3597C0-19B4-4CDE-A446-46E7F9F59E6E}.Debug|x86.ActiveCfg = Debug|Win32
		{2F3597C0-19B4-4CDE-A446-46E7F9F59E6E}.Debug|x86.Build.0 = Debug|Win32
		{2F3597C0-19B4-4CDE-A446-46E7F9F59E6E}.Release|x64.ActiveCfg = Release|x64
		{2F3597C0-19B4-4CDE-A446-46E7F9F59E6E}.Release|x64.Build.0 = Release|x64
		{2F3597C0-19B4-4CDE-A446-46E7F9F59E6E}.Release|x86.ActiveCfg = Release|Win32
		{2F3597C0-19B4-4CDE-A446-46E7F9F59E6E}.Release|x86.Build.0 = Release|Win32
		{85BE06D6-E484-4CC0-A1F9-67DCD68E039A}.Debug|x64.ActiveCfg = Debug|x64
		{85BE06D6-E484-4CC0-A1F9-67DCD68E039A}.Debug|x64.Build.0 = Debug|x64
		{85BE06D6-E484-4CC0-A1F9-67DCD68E039A}.Debug|x86.ActiveCfg = Debug|Win32
		{85BE06D6-E484-4CC0-A1F9-67DCD68E039A}.Debug|x86.Build.0 = Debug|Win32
		{85BE06D6-E484-4CC0-A1F9-67DCD68E039A}.Release|x64.ActiveCfg = Release|x64
		{85BE06D6-E484-4CC0-A1F9-67DCD68E039A}.Release|x64.Build.0 = Release|x64
		{85BE06D6-E484-4CC0-A1F9-67DCD68E039A}.Release|x86.ActiveCfg = Release|Win32
		{85BE06D6-E484-4CC0-A1F9-67DCD68E039A}.Release|x86.Build.0 = Release|Win32
		{629DCE1C-3F29-4EEF-B915-EDE5D6F65899}.Debug|x64.ActiveCfg = Debug|x64
		{629DCE1C-3F29-4EEF-B915-EDE5D6F65899}.Debug|x64.Build.0 = Debug|x64
		{629DCE1C-3F29-4EEF-B915-EDE5D6F65899}.Debug|x86.ActiveCfg = Debug|Win32
		{629DCE1C-3F29-4EEF-B915-EDE5D6F65899}.Debug|x86.Build.0 = Debug|Win32
		{629DCE1C-3F29-4EEF-B915-EDE5D6F65899}.Release|x64.ActiveCfg = Release|x64
		{629DCE1C-3F29-4EEF-B915-EDE5D6F65899}.Release|x64.Build.0 = Release|x64
		{629DCE1C-3F29-4EEF-B915-EDE5D6F65899}.Release|x86.ActiveCfg = Release|Win32
		{629DCE1C-3F29-4EEF-B915-EDE5D6F65899}.Release|x86.Build.0 = Release|Win32
		{A8ECD0DE-FBE6-4D6E-A2F0-28C14C238E6F}.Debug|x64.ActiveCfg = Debug|x64
		{A8ECD0DE-FBE6-4D6E-A2F0-28C14C238E6F}.Debug|x64.Build.0 = Debug|x64
		{A8ECD0DE-FBE6-4D6E-A2F0-28C14C238E6F}.Debug|x86.ActiveCfg = Debug|Win32
		{A8ECD0DE-FBE6-4D6E-A2F0-28C14C238E6F}.Debug|x86.Build.0 = Debug|Win32
		{A8ECD0DE-FBE6-4D6E-A2F0-28C14C238E6F}.Release|x64.ActiveCfg = Release|x64
		{A8ECD0DE-FBE6-4D6E-A2F0-28C14C238E6F}.Release|x64.Build.0 = Release|x64
		{A8ECD0DE-FBE6-4D6E-A2F0-28C14C238E6F}.Release|x86.ActiveCfg = Release|Win32
		{A8ECD0DE-FBE6-4D6E-A2F0-28C14C238E6F}.Release|x86.Build.0 = Release|Win32
		{5FE4EE58-C711-4256-8889-7B8DA4414800}.Debug|x64.ActiveCfg = Debug|x64
		{5FE4EE58-C711-4256-8889-7B8DA4414800}.Debug|x64.Build.0 = Debug|x64
		{5FE4EE58-C711-4256-8889-7B8DA4414800}.Debug|x86.ActiveCfg = Debug|Win32
		{5FE4EE58-C711-4256-8889-7B8DA4414800}.Debug|x86.Build.0 = Debug|Win32
		{5FE4EE58-C711-4256-8889-7B8DA4414800}.Release|x64.ActiveCfg = Release|x64
		{5FE4EE58-C711-4256-8889-7B8DA4414800}.Release|x64.Build.0 = Release|x64
		{5FE4EE58-C711-4256-8889-7B8DA4414800}.Release|x86.ActiveCfg = Release|Win32
		{5FE4EE58-C711-4256-8889-7B8DA4414800}.Release|x86.Build.0 = Release|Win32
		{CCF09919-1667-450B-AA88-3630A788D947}.Debug|x64.ActiveCfg = Debug|x64
		{CCF09919-1667-450B-AA88-3630A788D947}.Debug|x64.Build.0 = Debug|x64
		{CCF09919-1667-450B-AA88-3630A788D947}.Debug|x86.ActiveCfg = Debug|Win32
		{CCF09919-1667-450B-AA88-3630A788D947}.Debug|x86.Build.0 = Debug|Win32
		{CCF09919-1667-450B-AA88-3630A788D947}.Release|x64.ActiveCfg = Release|x64
		{CCF09919-1667-450B-AA88-3630A788D947}.Release|x64.Build.0 = Release|x64
		{CCF09919-1667-450B-AA88-3630A788D947}.Release|x86.ActiveCfg = Release|Win32
		{CCF09919-1667-450B-AA88-3630A788D947}.Release|x86.Build.0 = Release|Win32
		{BB98E307-F305-421D-ABA9-B926DE2CC2E8}.Debug|x64.ActiveCfg = Debug|x64
		{BB98E307-F305-421D-ABA9-B926DE2CC2E8}.Debug|x64.Build.0 = Debug|x64
		{BB98E307-F305-421D-ABA9-B926DE2CC2E8}.Debug|x86.ActiveCfg = Debug|Win32
		{BB98E307-F305-421D-ABA9-B926DE2CC2E8}.Debug|x86.Build.0 = Debug|Win32
		{BB98E307-F305-421D-ABA9-B926DE2CC2E8}.Release|x64.ActiveCfg = Release|x64
		{BB98E307-F305-421D-ABA9-B926DE2CC2E8}.Release|x64.Build.0 = Release|x64
		{BB98E307-F305-421D-ABA9-B926DE2CC2E8}.Release|x86.ActiveCfg = Release|Win32
		{BB98E307-F305-421D-ABA9-B926DE2CC2E8}.Release|x86.Build.0 = Release|Win32
		{B7299142-5EB4-4C92-A387-003289AD192E}.Debug|x64.ActiveCfg = Debug|x64
		{B7299142-5EB4-4C92-A387-003289AD192E}.Debug|x64.Build.0 = Debug|x64
		{B7299142-5EB4-4C92-A387-003289AD192E}.Debug|x86.ActiveCfg = Debug|Win32
		{B7299142-5EB4-4C92-A387-003289AD192E}.Debug|x86.Build.0 = Debug|Win32
		{B7299142-5EB4-4C92-A387-003289AD192E}.Release|x64.ActiveCfg = Release|x64
		{B7299142-5EB4-4C92-A387-003289AD192E}.Release|x64.Build.0 = Release|x64
		{B7299142-5EB4-4C92-A387-003289AD192E}.Release|x86.ActiveCfg = Release|Win32
		{B7299142-5EB4-4C92-A387-003289AD192E}.Release|x86.Build.0 = Release|Win32
		{42F5D434-64C8-461C-8F4E-752AC5194037}.Debug|x64.ActiveCfg = Debug|x64
		{42F5D434-64C8-461C-8F4E-752AC5194037}.Debug|x64.Build.0 = Debug|x64
		{42F5D434-64C8-461C-8F4E-752AC5194037}.Debug|x86.ActiveCfg = Debug|Win32
		{42F5D434-64C8-461C-8F4E-752AC5194037}.Debug|x86.Build.0 = Debug|Win32
		{42F5D434-64C8-461C-8F4E-752AC5194037}.Release|x64.ActiveCfg = Release|x64
		{42F5D434-64C8-461C-8F4E-752AC5194037}.Release|x64.Build.0 = Release|x64
		{42F5D434-64C8-461C-8F4E-752AC5194037}.Release|x86.ActiveCfg = Release|Win32
		{42F5D434-64C8-461C-8F4E-752AC5194037}.Release|x86.Build.0 = Release|Win32
		{8E51A50D-B648-4FC7-AA61-298D09E0427B}.Debug|x64.ActiveCfg = Debug|x64
		{8E51A50D-B648-4FC7-AA61-298D09E0427B}.Debug|x64.Build.0 = Debug|x64
		{8E51A50D-B648-4FC7-AA61-298D09E0427B}.Debug|x86.ActiveCfg = Debug|Win32
		{8E51A50D-B648-4FC7-AA61-298D09E0427B}.Debug|x86.Build.0 = Debug|Win32
		{8E51A50D-B648-4FC7-AA61-298D09E0427B}.Release|x64.ActiveCfg = Release|x64
		{8E51A50D-B648-4FC7-AA61-298D09E0427B}.Release|x64.Build.0 = Release|x64
		{8E51A50D-B648-4FC7-AA61-298D09E0427B}.Release|x86.ActiveCfg = Release|Win32
		{8E51A50D-B648-4FC7-AA61-298D09E0427B}.Release|x86.Build.0 = Release|Win32
		{5C210B29-67FD-47A4-B011-F18D2F9FB4C8}.Debug|x64.ActiveCfg = Debug|x64
		{5C210B29-67FD-47A4-B011-F18D2F9FB4C8}.Debug|x64.Build.0 = Debug|x64
		{5C210B29-67FD-47A4-B011-F18D2F9FB4C8}.Debug|x86.ActiveCfg = Debug|Win32
		{5C210B29-67FD-47A4-B011-F18D2F9FB4C8}.Debug|x86.Build.0 = Debug|Win32
		{5C210B29-67FD-47A4-B011-F18D2F9FB4C8}.Release|x64.ActiveCfg = Release|x64
		{5C210B29-67FD-47A4-B011-F18D2F9FB4C8}.Release|x64.Build.0 = Release|x64
		{5C210B29-67FD-47A4-B011-F18D2F9FB4C8}.Release|x86.ActiveCfg = Release|Win32
		{5C210B29-67FD-47A4-B011-F18D2F9FB4C8}.Release|x86.Build.0 = Release|Win32
		{221B67D4-F57F-4985-B1E5-14B3D4570CD5}.Debug|x64.ActiveCfg = Debug|x64
		{221B67D4-F57F-4985-B1E5-14B3D4570CD5}.Debug|x64.Build.0 = Debug|x64
		{221B67D4-F57F-4985-B1E5-14B3D4570CD5}.Debug|x86.ActiveCfg = Debug|Win32
		{221B67D4-F57F-4985-B1E5-14B3D4570CD5}.Debug|x86.Build.0 = Debug|Win32
		{221B67D4-F57F-4985-B1E5-14B3D4570CD5}.Release|x64.ActiveCfg = Release|x64
		{221B67D4-F57F-4985-B1E5-14B3D4570CD5}.Release|x64.Build.0 = Release|x64
		{221B67D4-F57F-4985-B1E5-14B3D4570CD5}.Release|x86.ActiveCfg = Release|Win32
		{221B67D4-F57F-4985-B1E5-14B3D4570CD5}.Release|x86.Build.0 = Release|Win32
		{0270A5C6-C001-4493-AFD8-51EE8B6D635D}.Debug|x64.ActiveCfg = Debug|x64
		{0270A5C6-C001-4493-AFD8-51EE8B6D635D}.Debug|x64.Build.0 = Debug|x64
		{0270A5C6-C001-4493-AFD8-51EE8B6D635D}.Debug|x86.ActiveCfg = Debug|Win32
		{0270A5C6-C001-4493-AFD8-51EE8B6D635D}.Debug|x86.Build.0 = Debug|Win32
		{0270A5C6-C001-4493-AFD8-51EE8B6D635D}.Release|x64.ActiveCfg = Release|x64
		{0270A5C6-C001-4493-AFD8-51EE8B6D635D}.Release|x64.Build.0 = Release|x64
		{0270A5C6-C001-4493-AFD8-51EE8B6D635D}.Release|x86.ActiveCfg = Release|Win32
		{0270A5C6-C001-4493-AFD8-51EE8B6D635D}.Release|x86.Build.0 = Release|Win32
		{AFC7BA8D-ABAF-478E-9D04-014B879FD060}.Debug|x64.ActiveCfg = Debug|x64
		{AFC7BA8D-ABAF-478E-9D04-014B879FD060}.Debug|x64.Build.0 = Debug|x64
		{AFC7BA8D-ABAF-478E-9D04-014B879FD060}.Debug|x86.ActiveCfg = Debug|Win32
		{AFC7BA8D-ABAF-478E-9D04-014B879FD060}.Debug|x86.Build.0 = Debug|Win32
		{AFC7BA8D-ABAF-478E-9D04-014B879FD060}.Release|x64.ActiveCfg = Release|x64
		{AFC7BA8D-ABAF-478E-9D04-014B879FD060}.Release|x64.Build.0 = Release|x64
		{AFC7BA8D-ABAF-478E-9D04-014B879FD060}.Release|x86.ActiveCfg = Release|Win32
		{AFC7BA8D-ABAF-478E-9D04-014B879FD060}.Release|x86.Build.0 = Release|Win32
		{4DEC5BDF-FAAE-43D3-9C81-430FA185D9CC}.Debug|x64.ActiveCfg = Debug|x64
		{4DEC5BDF-FAAE-43D3-9C81-430FA185D9CC}.Debug|x64.Build.0 = Debug|x64
		{4DEC5BDF-FAAE-43D3-9C81-430FA185D9CC}.Debug|x86.ActiveCfg = Debug|Win32
		{4DEC5BDF-FAAE-43D3-9C81-430FA185D9CC}.Debug|x86.Build.0 = Debug|Win32
		{4DEC5BDF-FAAE-43D3-9C81-430FA185D9CC}.Release|x64.ActiveCfg = Release|x64
		{4DEC5BDF-FAAE-43D3-9C81-430FA185D9CC}.Release|x64.Build.0 = Release|x64
		{4DEC5BDF-FAAE-43D3-9C81-430FA185D9CC}.Release|x86.ActiveCfg = Release|Win32
		{4DEC5BDF-FAAE-43D3-9C81-430FA185D9CC}.Release|x86.Build.0 = Release|Win32
		{E796BFA4-1AA5-4467-9B29-A8F41F4818D8}.Debug|x64.ActiveCfg = Debug|x64
		{E796BFA4-1AA5-4467-9B29-A8F41F4818D8}.Debug|x64.Build.0 = Debug|x64
		{E796BFA4-1AA5-4467-9B29-A8F41F4818D8}.Debug|x86.ActiveCfg = Debug|Win32
		{E796BFA4-1AA5-4467-9B29-A8F41F4818D8}.Debug|x86.Build.0 = Debug|Win32
		{E796BFA4-1AA5-4467-9B29-A8F41F4818D8}.Release|x64.ActiveCfg = Release|x64
		{E796BFA4-1AA5-4467-9B29-A8F41F4818D8}.Release|x64.Build.0 = Release|x64
		{E796BFA4-1AA5-4467-9B29-A8F41F4818D8}.Release|x86.ActiveCfg = Release|Win32
		{E796BFA4-1AA5-4467-9B29-A8F41F4818D8}.Release|x86.Build.0 = Release|Win32
		{44D88D09-F61A-48F1-A3CF-990DEA0CAE88}.Debug|x64.ActiveCfg = Debug|x64
		{44D88D09-F61A-48F1-A3CF-990DEA0CAE88}.Debug|x64.Build.0 = Debug|x64
		{44D88D09-F61A-48F1-A3CF-990DEA0CAE88}.Debug|x86.ActiveCfg = Debug|Win32
		{44D88D09-F61A-48F1-A3CF-990DEA0CAE88}.Debug|x86.Build.0 = Debug|Win32
		{44D88D09-F61A-48F1-A3CF-990DEA0CAE88}.Release|x64.ActiveCfg = Release|x64
		{44D88D09-F61A-48F1-A3CF-990DEA0CAE88}.Release|x64.Build.0 = Release|x64
		{44D88D09-F61A-48F1-A3CF-990DEA0CAE88}.Release|x86.ActiveCfg = Release|Win32
		{44D88D09-F61A-48F1-A3CF-990DEA0CAE88}.Release|x86.Build.0 = Release|Win32
		{8EED6B3A-CEB2-4243-9B0F-623F0E7A0494}.Debug|x64.ActiveCfg = Debug|x64
		{8EED6B3A-CEB2-4243-9B0F-623F0E7A0494}.Debug|x64.Build.0 = Debug|x64
		{8EED6B3A-CEB2-4243-9B0F-623F0E7A0494}.Debug|x86.ActiveCfg = Debug|Win32
		{8EED6B3A-CEB2-4243-9B0F-623F0E7A0494}.Debug|x86.Build.0 = Debug|Win32
		{8EED6B3A-CEB2-4243-9B0F-623F0E7A0494}.Release|x64.ActiveCfg = Release|x64
		{8EED6B3A-CEB2-4243-9B0F-623F0E7A0494}.Release|x64.Build.0 = Release|x64
		{8EED6B3A-CEB2-4243-9B0F-623F0E7A0494}.Release|x86.ActiveCfg = Release|Win32
		{8EED6B3A-CEB2-4243-9B0F-623F0E7A0494}.Release|x86.Build.0 = Release|Win32
		{E6968EFB-2D6D-41E8-B360-7244B68A314C}.Debug|x64.ActiveCfg = Debug|x64
		{E6968EFB-2D6D-41E8-B360-7244B68A314C}.Debug|x64.Build.0 = Debug|x64
		{E6968EFB-2D6D-41E8-B360-7244B68A314C}.Debug|x86.ActiveCfg = Debug|Win32
		{E6968EFB-2D6D-41E8-B360-7244B68A314C}.Debug|x86.Build.0 = Debug|Win32
		{E6968EFB-2D6D-41E8-B360-7244B68A314C}.Release|x64.ActiveCfg = Release|x64
		{E6968EFB-2D6D-41E8-B360-7244B68A314C}.Release|x64.Build.0 = Release|x64
		{E6968EFB-2D6D-41E8-B360-7244B68A314C}.Release|x86.ActiveCfg = Release|Win32
		{E6968EFB-2D6D-41E8-B360-7244B68A314C}.Release|x86.Build.0 = Release|Win32
		{3259319F-44A8-482A-AE2B-55E19932E8F1}.Debug|x64.ActiveCfg = Debug|x64
		{3259319F-44A8-482A-AE2B-55E19932E8F1}.Debug|x64.Build.0 = Debug|x64
		{3259319F-44A8-482A-AE2B-55E19932E8F1}.Debug|x86.ActiveCfg = Debug|Win32
		{3259319F-44A8-482A-AE2B-55E19932E8F1}.Debug|x86.Build.0 = Debug|Win32
		{3259319F-44A8-482A-AE2B-55E19932E8F1}.Release|x64.ActiveCfg = Release|x64
		{3259319F-44A8-482A-AE2B-55E19932E8F1}.Release|x64.Build.0 = Release|x64
		{3259319F-44A8-482A-AE2B-55E19932E8F1}.Release|x86.ActiveCfg = Release|Win32
		{3259319F-44A8-482A-AE2B-55E19932E8F1}.Release|x86.Build.0 = Release|Win32
		{9D2DAC43-D565-4864-A586-5DD7FCB7F418}.Debug|x64.ActiveCfg = Debug|x64
		{9D2DAC43-D565-4864-A586-5DD7FCB7F418}.Debug|x64.Build.0 = Debug|x64
		{9D2DAC43-D565-4864-A586-5DD7FCB7F418}.Debug|x86.ActiveCfg = Debug|Win32
		{9D2DAC43-D565-4864-A586-5DD7FCB7F418}.Debug|x86.Build.0 = Debug|Win32
		{9D2DAC43-D565-4864-A586-5DD7FCB7F418}.Release|x64.ActiveCfg = Release|x64
		{9D2DAC43-D565-4864-A586-5DD7FCB7F418}.Release|x64.Build.0 = Release|x64
		{9D2DAC43-D565-4864-A586-5DD7FCB7F418}.Release|x86.ActiveCfg = Release|Win32
		{9D2DAC43-D565-4864-A586-5DD7FCB7F418}.Release|x86.Build.0 = Release|Win32
		{87E4D7E2-7CE6-4A80-994A-25D18AF1BAEB}.Debug|x64.ActiveCfg = Debug|x64
		{87E4D7E2-7CE6-4A80-994A-25D18AF1BAEB}.Debug|x64.Build.0 = Debug|x64
		{87E4D7E2-7CE6-4A80-994A-25D18AF1BAEB}.Debug|x86.ActiveCfg = Debug|Win32
		{87E4D7E2-7CE6-4A80-994A-25D18AF1BAEB}.Debug|x86.Build.0 = Debug|Win32
		{87E4D7E2-7CE6-4A80-994A-25D18AF1BAEB}.Release|x64.ActiveCfg = Release|x64
		{87E4D7E2-7CE6-4A80-994A-25D18AF1BAEB}.Release|x64.Build.0 = Release|x64
		{87E4D7E2-7CE6-4A80-994A-25D18AF1BAEB}.Release|x86.ActiveCfg = Release|Win32
		{87E4D7E2-7CE6-4A80-994A-25D18AF1BAEB}.Release|x86.Build.0 = Release|Win32
		{9A7C07B8-6CB0-4564-975F-B0D4E04CCAD5}.Debug|x64.ActiveCfg = Debug|x64
		{9A7C07B8-6CB0-4564-975F-B0D4E04CCAD5}.Debug|x64.Build.0 = Debug|x64
		{9A7C07B8-6CB0-4564-975F-B0D4E04CCAD5}.Debug|x86.ActiveCfg = Debug|Win32
		{9A7C07B8-6CB0-4564-975F-B0D4E04CCAD5}.Debug|x86.Build.0 = Debug|Win32
		{9A7C07B8-6CB0-4564-975F-B0D4E04CCAD5}.Release|x64.ActiveCfg = Release|x64
		{9A7C07B8-6CB0-4564-975F-B0D4E04CCAD5}.Release|x64.Build.0 = Release|x64
		{9A7C07B8-6CB0-4564-975F-B0D4E04CCAD5}.Release|x86.ActiveCfg = Release|Win32
		{9A7C07B8-6CB0-4564-975F-B0D4E04CCAD5}.Release|x86.Build.0 = Release|Win32
		{506125CF-A241-4773-ACEA-63CCAAEE0DB5}.Debug|x64.ActiveCfg = Debug|x64
		{506125CF-A241-4773-ACEA-63CCAAEE0DB5}.Debug|x64.Build.0 = Debug|x64
		{506125CF-A241-4773-ACEA-63CCAAEE0DB5}.Debug|x86.ActiveCfg = Debug|Win32
		{506125CF-A241-4773-ACEA-63CCAAEE0DB5}.Debug|x86.Build.0 = Debug|Win32
		{506125CF-A241-4773-ACEA-63CCAAEE0DB5}.Release|x64.ActiveCfg = Release|x64
		{506125CF-A241-4773-ACEA-63CCAAEE0DB5}.Release|x64.Build.0 = Release|x64
		{506125CF-A241-4773-ACEA-63CCAAEE0DB5}.Release|x86.ActiveCfg = Release|Win32
		{506125CF-A241-4773-ACEA-63CCAAEE0DB5}.Release|x86.Build.0 = Release|Win32
		{197E4A7C-CE02-48E2-A235-05B3DEB06876}.Debug|x64.ActiveCfg = Debug|x64
		{197E4A7C-CE02-48E2-A235-05B3DEB06876}.Debug|x64.Build.0 = Debug|x64
		{197E4A7C-CE02-48E2-A235-05B3DEB06876}.Debug|x86.ActiveCfg = Debug|Win32
		{197E4A7C-CE02-48E2-A235-05B3DEB06876}.Debug|x86.Build.0 = Debug|Win32
		{197E4A7C-CE02-48E2-A235-05B3DEB06876}.Release|x64.ActiveCfg = Release|x64
		{197E4A7C-CE02-48E2-A235-05B3DEB06876}.Release|x64.Build.0 = Release|x64
		{197E4A7C-CE02-48E2-A235-05B3DEB06876}.Release|x86.ActiveCfg = Release|Win32
		{197E4A7C-CE02-48E2-A235-05B3DEB06876}.Release|x86.Build.0 = Release|Win32
		{46BE4F21-0C5B-4EAE-9AF8-69E18D6EBEDE}.Debug|x64.ActiveCfg = Debug|x64
		{46BE4F21-0C5B-4EAE-9AF8-69E18D6EBEDE}.Debug|x64.Build.0 = Debug|x64
		{46BE4F21-0C5B-4EAE-9AF8-69E18D6EBEDE}.Debug|x86.ActiveCfg = Debug|Win32
		{46BE4F21-0C5B-4EAE-9AF8-69E18D6EBEDE}.Debug|x86.Build.0 = Debug|Win32
		{46BE4F21-0C5B-4EAE-9AF8-69E18D6EBEDE}.Release|x64.ActiveCfg = Release|x64
		{46BE4F21-0C5B-4EAE-9AF8-69E18D6EBEDE}.Release|x64.Build.0 = Release|x64
		{46BE4F21-0C5B-4EAE-9AF8-69E18D6EBEDE}.Release|x86.ActiveCfg = Release|Win32
		{46BE4F21-0C5B-4EAE-9AF8-69E18D6EBEDE}.Release|x86.Build.0 = Release|Win32
		{629FDEA8-8BEC-476A-8A98-81213DB9A167}.Debug|x64.ActiveCfg = Debug|x64
		{629FDEA8-8BEC-476A-8A98-81213DB9A167}.Debug|x64.Build.0 = Debug|x64
		{629FDEA8-8BEC-476A-8A98-81213DB9A167}.Debug|x86.ActiveCfg = Debug|Win32
		{629FDEA8-8BEC-476A-8A98-81213DB9A167}.Debug|x86.Build.0 = Debug|Win32
		{629FDEA8-8BEC-476A-8A98-81213DB9A167}.Release|x64.ActiveCfg = Release|x64
		{629FDEA8-8BEC-476A-8A98-81213DB9A167}.Release|x64.Build.0 = Release|x64
		{629FDEA8-8BEC-476A-8A98-81213DB9A167}.Release|x86.ActiveCfg = Release|Win32
		{629FDEA8-8BEC-476A-8A98-81213DB9A167}.Release|x86.Build.0 = Release|Win32
		{7116F609-9732-4946-B0F2-9D7646A3AFE0}.Debug|x64.ActiveCfg = Debug|x64
		{7116F609-9732-4946-B0F2-9D7646A3AFE0}.Debug|x64.Build.0 = Debug|x64
		{7116F609-9732-4946-B0F2-9D7646A3AFE0}.Debug|x86.ActiveCfg = Debug|Win32
		{7116F609-9732-4946-B0F2-9D7646A3AFE0}.Debug|x86.Build.0 = Debug|Win32
		{7116F609-9732-4946-B0F2-9D7646A3AFE0}.Release|x64.ActiveCfg = Release|x64
		{7116F609-9732-4946-B0F2-9D7646A3AFE0}.Release|x64.Build.0 = Release|x64
		{7116F609-9732-4946-B0F2-9D7646A3AFE0}.Release|x86.ActiveCfg = Release|Win32
		{7116F609-9732-4946-B0F2-9D7646A3AFE0}.Release|x86.Build.0 = Release|Win32
		{086C56F2-CC4A-41E0-8C19-CEBA45F52640}.Debug|x64.ActiveCfg = Debug|x64
		{086C56F2-CC4A-41E0-8C19-CEBA45F52640}.Debug|x64.Build.0 = Debug|x64
		{086C56F2-CC4A-41E0-8C19-CEBA45F52640}.Debug|x86.ActiveCfg = Debug|Win32
		{086C56F2-CC4A-41E0-8C19-CEBA45F52640}.Debug|x86.Build.0 = Debug|Win32
		{086C56F2-CC4A-41E0-8C19-CEBA45F52640}.Release|x64.ActiveCfg = Release|x64
		{086C56F2-CC4A-41E0-8C19-CEBA45F52640}.Release|x64.Build.0 = Release|x64
		{086C56F2-CC4A-41E0-8C19-CEBA45F52640}.Release|x86.ActiveCfg = Release|Win32
		{086C56F2-CC4A-41E0-8C19-CEBA45F52640}.Release|x86.Build.0 = Release|Win32
		{D1F38069-C64C-43D4-937B-62E2B6FB15CD}.Debug|x64.ActiveCfg = Debug|x64
		{D1F38069-C64C-43D4-937B-62E2B6FB15CD}.Debug|x64.Build.0 = Debug|x64
		{D1F38069-C64C-43D4-937B-62E2B6FB15CD}.Debug|x86.ActiveCfg = Debug|Win32
		{D1F38069-C64C-43D4-937B-62E2B6FB15CD}.Debug|x86.Build.0 = Debug|Win32
		{D1F38069-C64C-43D4-937B-62E2B6FB15CD}.Release|x64.ActiveCfg = Release|x64
		{D1F38069-C64C-43D4-937B-62E2B6FB15CD}.Release|x64.Build.0 = Release|x64
		{D1F38069-C64C-43D4-937B-62E2B6FB15CD}.Release|x86.ActiveCfg = Release|Win32
		{D1F38069-C64C-43D4-937B-62E2B6FB15CD}.Release|x86.Build.0 = Release|Win32
		{07910015-04D0-46D6-B23B-01CB35A321D3}.Debug|x64.ActiveCfg = Debug|x64
		{07910015-04D0-46D6-B23B-01CB35A321D3}.Debug|x64.Build.0 = Debug|x64
		{07910015-04D0-46D6-B23B-01CB35A321D3}.Debug|x86.ActiveCfg = Debug|Win32
		{07910015-04D0-46D6-B23B-01CB35A321D3}.Debug|x86.Build.0 = Debug|Win32
		{07910015-04D0-46D6-B23B-01CB35A321D3}.Release|x64.ActiveCfg = Release|x64
		{07910015-04D0-46D6-B23B-01CB35A321D3}.Release|x64.Build.0 = Release|x64
		{07910015-04D0-46D6-B23B-01CB35A321D3}.Release|x86.ActiveCfg = Release|Win32
		{07910015-04D0-46D6-B23B-01CB35A321D3}.Release|x86.Build.0 = Release|Win32
		{EA3380BB-5D28-455A-892E-E92F593D4D77}.Debug|x64.ActiveCfg = Debug|x64
		{EA3380BB-5D28-455A-892E-E92F593D4D77}.Debug|x64.Build.0 = Debug|x64
		{EA3380BB-5D28-455A-892E-E92F593D4D77}.Debug|x86.ActiveCfg = Debug|Win32
		{EA3380BB-5D28-455A-892E-E92F593D4D77}.Debug|x86.Build.0 = Debug|Win32
		{EA3380BB-5D28-455A-892E-E92F593D4D77}.Release|x64.ActiveCfg = Release|x64
		{EA3380BB-5D28-455A-892E-E92F593D4D77}.Release|x64.Build.0 = Release|x64
		{EA3380BB-5D28-455A-892E-E92F593D4D77}.Release|x86.ActiveCfg = Release|Win32
		{EA3380BB-5D28-455A-892E-E92F593D4D77}.Release|x86.Build.0 = Release|Win32
		{37AAC09D-61B2-414D-B528-F0E6802BE0E4}.Debug|x64.ActiveCfg = Debug|x64
		{37AAC09D-61B2-414D-B528-F0E6802BE0E4}.Debug|x64.Build.0 = Debug|x64
		{37AAC09D-61B2-414D-B528-F0E6802BE0E4}.Debug|x86.ActiveCfg = Debug|Win32
		{37AAC09D-61B2-414D-B528-F0E6802BE0E4}.Debug|x86.Build.0 = Debug|Win32
		{37AAC09D-61B2-414D-B528-F0E6802BE0E4}.Release|x64.ActiveCfg = Release|x64
		{37AAC09D-61B2-414D-B528-F0E6802BE0E4}.Release|x64.Build.0 = Release|x64
		{37AAC09D-61B2-414D-B528-F0E6802BE0E4}.Release|x86.ActiveCfg = Release|Win32
		{37AAC09D-61B2-414D-B528-F0E6802BE0E4}.Release|x86.Build.0 = Release|Win32
		{454F9F3E-F157-49C2-9E37-517DB9438F9B}.Debug|x64.ActiveCfg = Debug|x64
		{454F9F3E-F157-49C2-9E37-517DB9438F9B}.Debug|x64.Build.0 = Debug|x64
		{454F9F3E-F157-49C2-9E37-517DB9438F9B}.Debug|x86.ActiveCfg = Debug|Win32
		{454F9F3E-F157-49C2-9E37-517DB9438F9B}.Debug|x86.Build.0 = Debug|Win32
		{454F9F3E-F157-49C2-9E37-517DB9438F9B}.Release|x64.ActiveCfg = Release|x64
		{454F9F3E-F157-49C2-9E37-517DB9438F9B}.Release|x64.Build.0 = Release|x64
		{454F9F3E-F157-49C2-9E37-517DB9438F9B}.Release|x86.ActiveCfg = Release|Win32
		{454F9F3E-F157-49C2-9E37-517DB9438F9B}.Release|x86.Build.0 = Release|Win32
	EndGlobalSection
	GlobalSection(SolutionProperties) = preSolution
		HideSolutionNode = FALSE
	EndGlobalSection
EndGlobal
